
Microsoft Visual Studio Solution File, Format Version 12.00
# Visual Studio 15
VisualStudioVersion = 15.0.28010.2046
MinimumVisualStudioVersion = 10.0.40219.1
Project("{FAE04EC0-301F-11D3-BF4B-00C04F79EFBC}") = "UlamekTest", "UlamekTest\UlamekTest.csproj", "{DB5563D3-A277-467B-ACD7-865B575AE04E}"
EndProject
Project("{FAE04EC0-301F-11D3-BF4B-00C04F79EFBC}") = "UlamekLib", "UlamekLib\UlamekLib.csproj", "{04CE122B-B34E-4DEA-BD71-159C02C6F26E}"
EndProject
Global
	GlobalSection(SolutionConfigurationPlatforms) = preSolution
		Debug|Any CPU = Debug|Any CPU
		Release|Any CPU = Release|Any CPU
	EndGlobalSection
	GlobalSection(ProjectConfigurationPlatforms) = postSolution
		{DB5563D3-A277-467B-ACD7-865B575AE04E}.Debug|Any CPU.ActiveCfg = Debug|Any CPU
		{DB5563D3-A277-467B-ACD7-865B575AE04E}.Debug|Any CPU.Build.0 = Debug|Any CPU
		{DB5563D3-A277-467B-ACD7-865B575AE04E}.Release|Any CPU.ActiveCfg = Release|Any CPU
		{DB5563D3-A277-467B-ACD7-865B575AE04E}.Release|Any CPU.Build.0 = Release|Any CPU
		{04CE122B-B34E-4DEA-BD71-159C02C6F26E}.Debug|Any CPU.ActiveCfg = Debug|Any CPU
		{04CE122B-B34E-4DEA-BD71-159C02C6F26E}.Debug|Any CPU.Build.0 = Debug|Any CPU
		{04CE122B-B34E-4DEA-BD71-159C02C6F26E}.Release|Any CPU.ActiveCfg = Release|Any CPU
		{04CE122B-B34E-4DEA-BD71-159C02C6F26E}.Release|Any CPU.Build.0 = Release|Any CPU
	EndGlobalSection
	GlobalSection(SolutionProperties) = preSolution
		HideSolutionNode = FALSE
	EndGlobalSection
	GlobalSection(ExtensibilityGlobals) = postSolution
		SolutionGuid = {A3962ABF-F5B6-440E-A446-AAB0C528E97A}
	EndGlobalSection
EndGlobal
